
Microsoft Visual Studio Solution File, Format Version 12.00
# Visual Studio Version 17
VisualStudioVersion = 17.11.35327.3
MinimumVisualStudioVersion = 10.0.40219.1
Project("{FAE04EC0-301F-11D3-BF4B-00C04F79EFBC}") = "StarWarsWebsite.Server", "StarWarsWebsite.Server\StarWarsWebsite.Server.csproj", "{37012504-24E3-43E6-8197-BDA3BE5748A9}"
EndProject
Project("{54A90642-561A-4BB1-A94E-469ADEE60C69}") = "starwarswebsite.client", "starwarswebsite.client\starwarswebsite.client.esproj", "{C6E14B42-318F-430D-ADFE-96BF6AB233CC}"
EndProject
Global
	GlobalSection(SolutionConfigurationPlatforms) = preSolution
		Debug|Any CPU = Debug|Any CPU
		Release|Any CPU = Release|Any CPU
	EndGlobalSection
	GlobalSection(ProjectConfigurationPlatforms) = postSolution
		{37012504-24E3-43E6-8197-BDA3BE5748A9}.Debug|Any CPU.ActiveCfg = Debug|Any CPU
		{37012504-24E3-43E6-8197-BDA3BE5748A9}.Debug|Any CPU.Build.0 = Debug|Any CPU
		{37012504-24E3-43E6-8197-BDA3BE5748A9}.Release|Any CPU.ActiveCfg = Release|Any CPU
		{37012504-24E3-43E6-8197-BDA3BE5748A9}.Release|Any CPU.Build.0 = Release|Any CPU
		{C6E14B42-318F-430D-ADFE-96BF6AB233CC}.Debug|Any CPU.ActiveCfg = Debug|Any CPU
		{C6E14B42-318F-430D-ADFE-96BF6AB233CC}.Debug|Any CPU.Build.0 = Debug|Any CPU
		{C6E14B42-318F-430D-ADFE-96BF6AB233CC}.Debug|Any CPU.Deploy.0 = Debug|Any CPU
		{C6E14B42-318F-430D-ADFE-96BF6AB233CC}.Release|Any CPU.ActiveCfg = Release|Any CPU
		{C6E14B42-318F-430D-ADFE-96BF6AB233CC}.Release|Any CPU.Build.0 = Release|Any CPU
		{C6E14B42-318F-430D-ADFE-96BF6AB233CC}.Release|Any CPU.Deploy.0 = Release|Any CPU
	EndGlobalSection
	GlobalSection(SolutionProperties) = preSolution
		HideSolutionNode = FALSE
	EndGlobalSection
	GlobalSection(ExtensibilityGlobals) = postSolution
		SolutionGuid = {C8106AF2-E927-4A53-B6D8-7DAFD7EA94B8}
	EndGlobalSection
EndGlobal
